
Microsoft Visual Studio Solution File, Format Version 12.00
# Visual Studio Version 16
VisualStudioVersion = 25.0.1703.8
MinimumVisualStudioVersion = 10.0.40219.1
Project("{FAE04EC0-301F-11D3-BF4B-00C04F79EFBC}") = "WordAnalyzerThreadsHomework", "WordAnalyzerThreadsHomework.csproj", "{0AFC07E2-70FE-49C0-85FB-80E803D20B96}"
EndProject
Global
	GlobalSection(SolutionConfigurationPlatforms) = preSolution
		Debug|Any CPU = Debug|Any CPU
		Release|Any CPU = Release|Any CPU
	EndGlobalSection
	GlobalSection(ProjectConfigurationPlatforms) = postSolution
		{0AFC07E2-70FE-49C0-85FB-80E803D20B96}.Debug|Any CPU.ActiveCfg = Debug|Any CPU
		{0AFC07E2-70FE-49C0-85FB-80E803D20B96}.Debug|Any CPU.Build.0 = Debug|Any CPU
		{0AFC07E2-70FE-49C0-85FB-80E803D20B96}.Release|Any CPU.ActiveCfg = Release|Any CPU
		{0AFC07E2-70FE-49C0-85FB-80E803D20B96}.Release|Any CPU.Build.0 = Release|Any CPU
	EndGlobalSection
	GlobalSection(SolutionProperties) = preSolution
		HideSolutionNode = FALSE
	EndGlobalSection
	GlobalSection(ExtensibilityGlobals) = postSolution
		SolutionGuid = {148C5BE7-8F05-4995-9953-7FB18D50109D}
	EndGlobalSection
EndGlobal
